
Microsoft Visual Studio Solution File, Format Version 12.00
# Visual Studio Version 17
VisualStudioVersion = 17.9.34607.119
MinimumVisualStudioVersion = 10.0.40219.1
Project("{9A19103F-16F7-4668-BE54-9A1E7A4F7556}") = "M2TWinForms", "M2TWinForms\M2TWinForms.csproj", "{F7231398-B206-4911-B707-6A19E82FB882}"
EndProject
Project("{9A19103F-16F7-4668-BE54-9A1E7A4F7556}") = "M2TWinForms.Demo", "M2TWinForms.Demo\M2TWinForms.Demo.csproj", "{5DD5F301-7E9C-4664-BCB6-DF5D27151CD8}"
EndProject
Project("{FAE04EC0-301F-11D3-BF4B-00C04F79EFBC}") = "M2TWinForms.ThemeDesigner", "M2TWinForms.ThemeDesigner\M2TWinForms.ThemeDesigner.csproj", "{25B97611-51D3-4E9F-AA99-4F73FB0BB48B}"
EndProject
Global
	GlobalSection(SolutionConfigurationPlatforms) = preSolution
		Debug|Any CPU = Debug|Any CPU
		Release|Any CPU = Release|Any CPU
	EndGlobalSection
	GlobalSection(ProjectConfigurationPlatforms) = postSolution
		{F7231398-B206-4911-B707-6A19E82FB882}.Debug|Any CPU.ActiveCfg = Debug|Any CPU
		{F7231398-B206-4911-B707-6A19E82FB882}.Debug|Any CPU.Build.0 = Debug|Any CPU
		{F7231398-B206-4911-B707-6A19E82FB882}.Release|Any CPU.ActiveCfg = Release|Any CPU
		{F7231398-B206-4911-B707-6A19E82FB882}.Release|Any CPU.Build.0 = Release|Any CPU
		{5DD5F301-7E9C-4664-BCB6-DF5D27151CD8}.Debug|Any CPU.ActiveCfg = Debug|Any CPU
		{5DD5F301-7E9C-4664-BCB6-DF5D27151CD8}.Debug|Any CPU.Build.0 = Debug|Any CPU
		{5DD5F301-7E9C-4664-BCB6-DF5D27151CD8}.Release|Any CPU.ActiveCfg = Release|Any CPU
		{5DD5F301-7E9C-4664-BCB6-DF5D27151CD8}.Release|Any CPU.Build.0 = Release|Any CPU
		{25B97611-51D3-4E9F-AA99-4F73FB0BB48B}.Debug|Any CPU.ActiveCfg = Debug|Any CPU
		{25B97611-51D3-4E9F-AA99-4F73FB0BB48B}.Debug|Any CPU.Build.0 = Debug|Any CPU
		{25B97611-51D3-4E9F-AA99-4F73FB0BB48B}.Release|Any CPU.ActiveCfg = Release|Any CPU
		{25B97611-51D3-4E9F-AA99-4F73FB0BB48B}.Release|Any CPU.Build.0 = Release|Any CPU
	EndGlobalSection
	GlobalSection(SolutionProperties) = preSolution
		HideSolutionNode = FALSE
	EndGlobalSection
	GlobalSection(ExtensibilityGlobals) = postSolution
		SolutionGuid = {FA67221B-AE72-4D22-8DF9-C8B28FB3059E}
	EndGlobalSection
EndGlobal
